
Microsoft Visual Studio Solution File, Format Version 12.00
# Visual Studio 14
VisualStudioVersion = 14.0.25420.1
MinimumVisualStudioVersion = 10.0.40219.1
Project("{FAE04EC0-301F-11D3-BF4B-00C04F79EFBC}") = "OneTimePasswordSample", "OneTimePasswordSample\OneTimePasswordSample.csproj", "{D32F37AB-F355-4CE0-BE3C-A16C08EBDB0B}"
EndProject
Project("{FAE04EC0-301F-11D3-BF4B-00C04F79EFBC}") = "OneTimePasswordSample-Test", "OneTimePasswordSample-Test\OneTimePasswordSample-Test.csproj", "{CE107611-616A-4003-B6D3-2AAADCC1758E}"
EndProject
Project("{FAE04EC0-301F-11D3-BF4B-00C04F79EFBC}") = "Medo.Security.Cryptography", "Medo.Security.Cryptography\Medo.Security.Cryptography.csproj", "{9AE543ED-46AC-428E-BD0F-D905D7C5777F}"
EndProject
Global
	GlobalSection(SolutionConfigurationPlatforms) = preSolution
		Debug|Any CPU = Debug|Any CPU
		Release|Any CPU = Release|Any CPU
	EndGlobalSection
	GlobalSection(ProjectConfigurationPlatforms) = postSolution
		{D32F37AB-F355-4CE0-BE3C-A16C08EBDB0B}.Debug|Any CPU.ActiveCfg = Debug|Any CPU
		{D32F37AB-F355-4CE0-BE3C-A16C08EBDB0B}.Debug|Any CPU.Build.0 = Debug|Any CPU
		{D32F37AB-F355-4CE0-BE3C-A16C08EBDB0B}.Release|Any CPU.ActiveCfg = Release|Any CPU
		{D32F37AB-F355-4CE0-BE3C-A16C08EBDB0B}.Release|Any CPU.Build.0 = Release|Any CPU
		{CE107611-616A-4003-B6D3-2AAADCC1758E}.Debug|Any CPU.ActiveCfg = Debug|Any CPU
		{CE107611-616A-4003-B6D3-2AAADCC1758E}.Debug|Any CPU.Build.0 = Debug|Any CPU
		{CE107611-616A-4003-B6D3-2AAADCC1758E}.Release|Any CPU.ActiveCfg = Release|Any CPU
		{CE107611-616A-4003-B6D3-2AAADCC1758E}.Release|Any CPU.Build.0 = Release|Any CPU
		{9AE543ED-46AC-428E-BD0F-D905D7C5777F}.Debug|Any CPU.ActiveCfg = Debug|Any CPU
		{9AE543ED-46AC-428E-BD0F-D905D7C5777F}.Debug|Any CPU.Build.0 = Debug|Any CPU
		{9AE543ED-46AC-428E-BD0F-D905D7C5777F}.Release|Any CPU.ActiveCfg = Release|Any CPU
		{9AE543ED-46AC-428E-BD0F-D905D7C5777F}.Release|Any CPU.Build.0 = Release|Any CPU
	EndGlobalSection
	GlobalSection(SolutionProperties) = preSolution
		HideSolutionNode = FALSE
	EndGlobalSection
EndGlobal
